
Microsoft Visual Studio Solution File, Format Version 12.00
# Visual Studio Version 16
VisualStudioVersion = 16.0.31729.503
MinimumVisualStudioVersion = 10.0.40219.1
Project("{F184B08F-C81C-45F6-A57F-5ABD9991F28F}") = "Project_1AFT", "Project_1AFT.vbproj", "{C3782F46-42D3-4FF8-A4D8-713D22592CF7}"
EndProject
Global
	GlobalSection(SolutionConfigurationPlatforms) = preSolution
		Debug|Any CPU = Debug|Any CPU
		Release|Any CPU = Release|Any CPU
	EndGlobalSection
	GlobalSection(ProjectConfigurationPlatforms) = postSolution
		{C3782F46-42D3-4FF8-A4D8-713D22592CF7}.Debug|Any CPU.ActiveCfg = Debug|Any CPU
		{C3782F46-42D3-4FF8-A4D8-713D22592CF7}.Debug|Any CPU.Build.0 = Debug|Any CPU
		{C3782F46-42D3-4FF8-A4D8-713D22592CF7}.Release|Any CPU.ActiveCfg = Release|Any CPU
		{C3782F46-42D3-4FF8-A4D8-713D22592CF7}.Release|Any CPU.Build.0 = Release|Any CPU
	EndGlobalSection
	GlobalSection(SolutionProperties) = preSolution
		HideSolutionNode = FALSE
	EndGlobalSection
	GlobalSection(ExtensibilityGlobals) = postSolution
		SolutionGuid = {E6F7F3A8-8184-4087-8742-F9B8763B4BCD}
	EndGlobalSection
EndGlobal
